
Microsoft Visual Studio Solution File, Format Version 12.00
# Visual Studio Version 17
VisualStudioVersion = 17.3.32929.385
MinimumVisualStudioVersion = 10.0.40219.1
Project("{FAE04EC0-301F-11D3-BF4B-00C04F79EFBC}") = "M3HW4_2", "M3HW4_2.csproj", "{680E978B-DE6E-4C69-B166-0162E412C5C1}"
EndProject
Global
	GlobalSection(SolutionConfigurationPlatforms) = preSolution
		Debug|Any CPU = Debug|Any CPU
		Release|Any CPU = Release|Any CPU
	EndGlobalSection
	GlobalSection(ProjectConfigurationPlatforms) = postSolution
		{680E978B-DE6E-4C69-B166-0162E412C5C1}.Debug|Any CPU.ActiveCfg = Debug|Any CPU
		{680E978B-DE6E-4C69-B166-0162E412C5C1}.Debug|Any CPU.Build.0 = Debug|Any CPU
		{680E978B-DE6E-4C69-B166-0162E412C5C1}.Release|Any CPU.ActiveCfg = Release|Any CPU
		{680E978B-DE6E-4C69-B166-0162E412C5C1}.Release|Any CPU.Build.0 = Release|Any CPU
	EndGlobalSection
	GlobalSection(SolutionProperties) = preSolution
		HideSolutionNode = FALSE
	EndGlobalSection
	GlobalSection(ExtensibilityGlobals) = postSolution
		SolutionGuid = {4504926D-EF57-4177-B269-120FBCD70034}
	EndGlobalSection
EndGlobal
